
Microsoft Visual Studio Solution File, Format Version 12.00
# Visual Studio Version 17
VisualStudioVersion = 17.5.002.0
MinimumVisualStudioVersion = 10.0.40219.1
Project("{9A19103F-16F7-4668-BE54-9A1E7A4F7556}") = "ConcilliationConsumer", "ConcilliationConsumer.csproj", "{A4267BDE-6ADE-4220-8695-C8412AD1362A}"
EndProject
Global
	GlobalSection(SolutionConfigurationPlatforms) = preSolution
		Debug|Any CPU = Debug|Any CPU
		Release|Any CPU = Release|Any CPU
	EndGlobalSection
	GlobalSection(ProjectConfigurationPlatforms) = postSolution
		{A4267BDE-6ADE-4220-8695-C8412AD1362A}.Debug|Any CPU.ActiveCfg = Debug|Any CPU
		{A4267BDE-6ADE-4220-8695-C8412AD1362A}.Debug|Any CPU.Build.0 = Debug|Any CPU
		{A4267BDE-6ADE-4220-8695-C8412AD1362A}.Release|Any CPU.ActiveCfg = Release|Any CPU
		{A4267BDE-6ADE-4220-8695-C8412AD1362A}.Release|Any CPU.Build.0 = Release|Any CPU
	EndGlobalSection
	GlobalSection(SolutionProperties) = preSolution
		HideSolutionNode = FALSE
	EndGlobalSection
	GlobalSection(ExtensibilityGlobals) = postSolution
		SolutionGuid = {230356AC-8A05-422A-AF45-0506F7B267E3}
	EndGlobalSection
EndGlobal
